
Microsoft Visual Studio Solution File, Format Version 11.00
# Visual Studio 2010
# SharpDevelop 4.4
Project("{FAE04EC0-301F-11D3-BF4B-00C04F79EFBC}") = "method", "method\method.csproj", "{B48297F4-1575-4B77-9B0C-6E6C3575F663}"
EndProject
Global
	GlobalSection(SolutionConfigurationPlatforms) = preSolution
		Debug|Any CPU = Debug|Any CPU
		Release|Any CPU = Release|Any CPU
	EndGlobalSection
	GlobalSection(ProjectConfigurationPlatforms) = postSolution
		{B48297F4-1575-4B77-9B0C-6E6C3575F663}.Debug|Any CPU.Build.0 = Debug|Any CPU
		{B48297F4-1575-4B77-9B0C-6E6C3575F663}.Debug|Any CPU.ActiveCfg = Debug|Any CPU
		{B48297F4-1575-4B77-9B0C-6E6C3575F663}.Release|Any CPU.Build.0 = Release|Any CPU
		{B48297F4-1575-4B77-9B0C-6E6C3575F663}.Release|Any CPU.ActiveCfg = Release|Any CPU
	EndGlobalSection
EndGlobal
