
Microsoft Visual Studio Solution File, Format Version 11.00
# Visual Studio 2010
# SharpDevelop 4.4
Project("{FAE04EC0-301F-11D3-BF4B-00C04F79EFBC}") = "apppw", "apppw\apppw.csproj", "{703E293C-D0FE-4D3A-B597-7FCFE48D01ED}"
EndProject
Global
	GlobalSection(SolutionConfigurationPlatforms) = preSolution
		Debug|Any CPU = Debug|Any CPU
		Release|Any CPU = Release|Any CPU
	EndGlobalSection
	GlobalSection(ProjectConfigurationPlatforms) = postSolution
		{703E293C-D0FE-4D3A-B597-7FCFE48D01ED}.Debug|Any CPU.Build.0 = Debug|Any CPU
		{703E293C-D0FE-4D3A-B597-7FCFE48D01ED}.Debug|Any CPU.ActiveCfg = Debug|Any CPU
		{703E293C-D0FE-4D3A-B597-7FCFE48D01ED}.Release|Any CPU.Build.0 = Release|Any CPU
		{703E293C-D0FE-4D3A-B597-7FCFE48D01ED}.Release|Any CPU.ActiveCfg = Release|Any CPU
	EndGlobalSection
EndGlobal
